
Microsoft Visual Studio Solution File, Format Version 12.00
# Visual Studio Version 17
VisualStudioVersion = 17.0.32112.339
MinimumVisualStudioVersion = 10.0.40219.1
Project("{9A19103F-16F7-4668-BE54-9A1E7A4F7556}") = "MergeSortFile", "MergeSortFile\MergeSortFile.csproj", "{4E914A43-FED8-48BA-84D0-D2E32BB5C8F6}"
EndProject
Project("{FAE04EC0-301F-11D3-BF4B-00C04F79EFBC}") = "ConsoleTester", "ConsoleTester\ConsoleTester.csproj", "{041E1993-8615-46B6-A510-7CF3715A5AF1}"
EndProject
Global
	GlobalSection(SolutionConfigurationPlatforms) = preSolution
		Debug|Any CPU = Debug|Any CPU
		Release|Any CPU = Release|Any CPU
	EndGlobalSection
	GlobalSection(ProjectConfigurationPlatforms) = postSolution
		{4E914A43-FED8-48BA-84D0-D2E32BB5C8F6}.Debug|Any CPU.ActiveCfg = Debug|Any CPU
		{4E914A43-FED8-48BA-84D0-D2E32BB5C8F6}.Debug|Any CPU.Build.0 = Debug|Any CPU
		{4E914A43-FED8-48BA-84D0-D2E32BB5C8F6}.Release|Any CPU.ActiveCfg = Release|Any CPU
		{4E914A43-FED8-48BA-84D0-D2E32BB5C8F6}.Release|Any CPU.Build.0 = Release|Any CPU
		{041E1993-8615-46B6-A510-7CF3715A5AF1}.Debug|Any CPU.ActiveCfg = Debug|Any CPU
		{041E1993-8615-46B6-A510-7CF3715A5AF1}.Debug|Any CPU.Build.0 = Debug|Any CPU
		{041E1993-8615-46B6-A510-7CF3715A5AF1}.Release|Any CPU.ActiveCfg = Release|Any CPU
		{041E1993-8615-46B6-A510-7CF3715A5AF1}.Release|Any CPU.Build.0 = Release|Any CPU
	EndGlobalSection
	GlobalSection(SolutionProperties) = preSolution
		HideSolutionNode = FALSE
	EndGlobalSection
	GlobalSection(ExtensibilityGlobals) = postSolution
		SolutionGuid = {F5108134-00E7-4473-8B55-DCB117FFC2E2}
	EndGlobalSection
EndGlobal
